// !$*UTF8*$!
{
	archiveVersion = 1;
	classes = {
	};
	objectVersion = 50;
	objects = {

/* Begin PBXBuildFile section */
		5513E29F259698E6DEAAF967 /* Pods_Todo_List.framework in Frameworks */ = {isa = PBXBuildFile; fileRef = BA4AD7DC87C3E5718A5F0085 /* Pods_Todo_List.framework */; };
		D908C4D520ACF2A600312C8F /* SwipeTableViewController.swift in Sources */ = {isa = PBXBuildFile; fileRef = D908C4D420ACF2A600312C8F /* SwipeTableViewController.swift */; };
		D97DB76420A9EEFB00415044 /* Category.swift in Sources */ = {isa = PBXBuildFile; fileRef = D97DB76320A9EEFB00415044 /* Category.swift */; };
		D97DB76620A9FA3400415044 /* Item.swift in Sources */ = {isa = PBXBuildFile; fileRef = D97DB76520A9FA3400415044 /* Item.swift */; };
		D9BE570D20A9733700ECCBFB /* CategoryViewController.swift in Sources */ = {isa = PBXBuildFile; fileRef = D9BE570C20A9733700ECCBFB /* CategoryViewController.swift */; };
		D9DCB78620A2E1B400A10035 /* AppDelegate.swift in Sources */ = {isa = PBXBuildFile; fileRef = D9DCB78520A2E1B400A10035 /* AppDelegate.swift */; };
		D9DCB78820A2E1B400A10035 /* ToDoListViewController.swift in Sources */ = {isa = PBXBuildFile; fileRef = D9DCB78720A2E1B400A10035 /* ToDoListViewController.swift */; };
		D9DCB78B20A2E1B400A10035 /* Main.storyboard in Resources */ = {isa = PBXBuildFile; fileRef = D9DCB78920A2E1B400A10035 /* Main.storyboard */; };
		D9DCB78D20A2E1B700A10035 /* Assets.xcassets in Resources */ = {isa = PBXBuildFile; fileRef = D9DCB78C20A2E1B700A10035 /* Assets.xcassets */; };
		D9DCB79020A2E1B700A10035 /* LaunchScreen.storyboard in Resources */ = {isa = PBXBuildFile; fileRef = D9DCB78E20A2E1B700A10035 /* LaunchScreen.storyboard */; };
/* End PBXBuildFile section */

/* Begin PBXFileReference section */
		5F3ECC579A67BE22592AAF4E /* Pods-Todo List.debug.xcconfig */ = {isa = PBXFileReference; includeInIndex = 1; lastKnownFileType = text.xcconfig; name = "Pods-Todo List.debug.xcconfig"; path = "Pods/Target Support Files/Pods-Todo List/Pods-Todo List.debug.xcconfig"; sourceTree = "<group>"; };
		BA4AD7DC87C3E5718A5F0085 /* Pods_Todo_List.framework */ = {isa = PBXFileReference; explicitFileType = wrapper.framework; includeInIndex = 0; path = Pods_Todo_List.framework; sourceTree = BUILT_PRODUCTS_DIR; };
		C4DB554B774B1E369B525106 /* Pods-Todo List.release.xcconfig */ = {isa = PBXFileReference; includeInIndex = 1; lastKnownFileType = text.xcconfig; name = "Pods-Todo List.release.xcconfig"; path = "Pods/Target Support Files/Pods-Todo List/Pods-Todo List.release.xcconfig"; sourceTree = "<group>"; };
		D908C4D420ACF2A600312C8F /* SwipeTableViewController.swift */ = {isa = PBXFileReference; lastKnownFileType = sourcecode.swift; path = SwipeTableViewController.swift; sourceTree = "<group>"; };
		D97DB76320A9EEFB00415044 /* Category.swift */ = {isa = PBXFileReference; lastKnownFileType = sourcecode.swift; path = Category.swift; sourceTree = "<group>"; };
		D97DB76520A9FA3400415044 /* Item.swift */ = {isa = PBXFileReference; lastKnownFileType = sourcecode.swift; path = Item.swift; sourceTree = "<group>"; };
		D9BE570C20A9733700ECCBFB /* CategoryViewController.swift */ = {isa = PBXFileReference; lastKnownFileType = sourcecode.swift; path = CategoryViewController.swift; sourceTree = "<group>"; };
		D9DCB78220A2E1B400A10035 /* Todo List.app */ = {isa = PBXFileReference; explicitFileType = wrapper.application; includeInIndex = 0; path = "Todo List.app"; sourceTree = BUILT_PRODUCTS_DIR; };
		D9DCB78520A2E1B400A10035 /* AppDelegate.swift */ = {isa = PBXFileReference; lastKnownFileType = sourcecode.swift; path = AppDelegate.swift; sourceTree = "<group>"; };
		D9DCB78720A2E1B400A10035 /* ToDoListViewController.swift */ = {isa = PBXFileReference; lastKnownFileType = sourcecode.swift; path = ToDoListViewController.swift; sourceTree = "<group>"; };
		D9DCB78A20A2E1B400A10035 /* Base */ = {isa = PBXFileReference; lastKnownFileType = file.storyboard; name = Base; path = Base.lproj/Main.storyboard; sourceTree = "<group>"; };
		D9DCB78C20A2E1B700A10035 /* Assets.xcassets */ = {isa = PBXFileReference; lastKnownFileType = folder.assetcatalog; path = Assets.xcassets; sourceTree = "<group>"; };
		D9DCB78F20A2E1B700A10035 /* Base */ = {isa = PBXFileReference; lastKnownFileType = file.storyboard; name = Base; path = Base.lproj/LaunchScreen.storyboard; sourceTree = "<group>"; };
		D9DCB79120A2E1B700A10035 /* Info.plist */ = {isa = PBXFileReference; lastKnownFileType = text.plist.xml; path = Info.plist; sourceTree = "<group>"; };
/* End PBXFileReference section */

/* Begin PBXFrameworksBuildPhase section */
		D9DCB77F20A2E1B400A10035 /* Frameworks */ = {
			isa = PBXFrameworksBuildPhase;
			buildActionMask = 2147483647;
			files = (
				5513E29F259698E6DEAAF967 /* Pods_Todo_List.framework in Frameworks */,
			);
			runOnlyForDeploymentPostprocessing = 0;
		};
/* End PBXFrameworksBuildPhase section */

/* Begin PBXGroup section */
		37FFA80EBB61401103A2D1A6 /* Frameworks */ = {
			isa = PBXGroup;
			children = (
				BA4AD7DC87C3E5718A5F0085 /* Pods_Todo_List.framework */,
			);
			name = Frameworks;
			sourceTree = "<group>";
		};
		6D10BA2D90BFB38C60D17868 /* Pods */ = {
			isa = PBXGroup;
			children = (
				5F3ECC579A67BE22592AAF4E /* Pods-Todo List.debug.xcconfig */,
				C4DB554B774B1E369B525106 /* Pods-Todo List.release.xcconfig */,
			);
			name = Pods;
			sourceTree = "<group>";
		};
		D9DCB77920A2E1B400A10035 = {
			isa = PBXGroup;
			children = (
				D9DCB78420A2E1B400A10035 /* Todo List */,
				D9DCB78320A2E1B400A10035 /* Products */,
				6D10BA2D90BFB38C60D17868 /* Pods */,
				37FFA80EBB61401103A2D1A6 /* Frameworks */,
			);
			sourceTree = "<group>";
		};
		D9DCB78320A2E1B400A10035 /* Products */ = {
			isa = PBXGroup;
			children = (
				D9DCB78220A2E1B400A10035 /* Todo List.app */,
			);
			name = Products;
			sourceTree = "<group>";
		};
		D9DCB78420A2E1B400A10035 /* Todo List */ = {
			isa = PBXGroup;
			children = (
				D9DCB78520A2E1B400A10035 /* AppDelegate.swift */,
				D9DCB79B20A2FBB800A10035 /* View */,
				D9DCB79A20A2FBAF00A10035 /* Controller */,
				D9DCB79920A2FB9E00A10035 /* Model */,
				D9DCB79C20A2FBF200A10035 /* Supporting Files */,
				D9DCB79120A2E1B700A10035 /* Info.plist */,
			);
			path = "Todo List";
			sourceTree = "<group>";
		};
		D9DCB79920A2FB9E00A10035 /* Model */ = {
			isa = PBXGroup;
			children = (
				D97DB76320A9EEFB00415044 /* Category.swift */,
				D97DB76520A9FA3400415044 /* Item.swift */,
			);
			path = Model;
			sourceTree = "<group>";
		};
		D9DCB79A20A2FBAF00A10035 /* Controller */ = {
			isa = PBXGroup;
			children = (
				D9BE570C20A9733700ECCBFB /* CategoryViewController.swift */,
				D9DCB78720A2E1B400A10035 /* ToDoListViewController.swift */,
				D908C4D420ACF2A600312C8F /* SwipeTableViewController.swift */,
			);
			path = Controller;
			sourceTree = "<group>";
		};
		D9DCB79B20A2FBB800A10035 /* View */ = {
			isa = PBXGroup;
			children = (
				D9DCB78920A2E1B400A10035 /* Main.storyboard */,
			);
			path = View;
			sourceTree = "<group>";
		};
		D9DCB79C20A2FBF200A10035 /* Supporting Files */ = {
			isa = PBXGroup;
			children = (
				D9DCB78C20A2E1B700A10035 /* Assets.xcassets */,
				D9DCB78E20A2E1B700A10035 /* LaunchScreen.storyboard */,
			);
			path = "Supporting Files";
			sourceTree = "<group>";
		};
/* End PBXGroup section */

/* Begin PBXNativeTarget section */
		D9DCB78120A2E1B400A10035 /* Todo List */ = {
			isa = PBXNativeTarget;
			buildConfigurationList = D9DCB79420A2E1B700A10035 /* Build configuration list for PBXNativeTarget "Todo List" */;
			buildPhases = (
				3D930B5996AF943C232C6AF1 /* [CP] Check Pods Manifest.lock */,
				D9DCB77E20A2E1B400A10035 /* Sources */,
				D9DCB77F20A2E1B400A10035 /* Frameworks */,
				D9DCB78020A2E1B400A10035 /* Resources */,
				8CD32BC4D32BA8FD25C91D1F /* [CP] Embed Pods Frameworks */,
			);
			buildRules = (
			);
			dependencies = (
			);
			name = "Todo List";
			productName = "Todo List";
			productReference = D9DCB78220A2E1B400A10035 /* Todo List.app */;
			productType = "com.apple.product-type.application";
		};
/* End PBXNativeTarget section */

/* Begin PBXProject section */
		D9DCB77A20A2E1B400A10035 /* Project object */ = {
			isa = PBXProject;
			attributes = {
				LastSwiftUpdateCheck = 0930;
				LastUpgradeCheck = 0930;
				ORGANIZATIONNAME = "Wmotion Mac 101";
				TargetAttributes = {
					D9DCB78120A2E1B400A10035 = {
						CreatedOnToolsVersion = 9.3;
					};
				};
			};
			buildConfigurationList = D9DCB77D20A2E1B400A10035 /* Build configuration list for PBXProject "Todo List" */;
			compatibilityVersion = "Xcode 9.3";
			developmentRegion = en;
			hasScannedForEncodings = 0;
			knownRegions = (
				en,
				Base,
			);
			mainGroup = D9DCB77920A2E1B400A10035;
			productRefGroup = D9DCB78320A2E1B400A10035 /* Products */;
			projectDirPath = "";
			projectRoot = "";
			targets = (
				D9DCB78120A2E1B400A10035 /* Todo List */,
			);
		};
/* End PBXProject section */

/* Begin PBXResourcesBuildPhase section */
		D9DCB78020A2E1B400A10035 /* Resources */ = {
			isa = PBXResourcesBuildPhase;
			buildActionMask = 2147483647;
			files = (
				D9DCB79020A2E1B700A10035 /* LaunchScreen.storyboard in Resources */,
				D9DCB78D20A2E1B700A10035 /* Assets.xcassets in Resources */,
				D9DCB78B20A2E1B400A10035 /* Main.storyboard in Resources */,
			);
			runOnlyForDeploymentPostprocessing = 0;
		};
/* End PBXResourcesBuildPhase section */

/* Begin PBXShellScriptBuildPhase section */
		3D930B5996AF943C232C6AF1 /* [CP] Check Pods Manifest.lock */ = {
			isa = PBXShellScriptBuildPhase;
			buildActionMask = 2147483647;
			files = (
			);
			inputPaths = (
				"${PODS_PODFILE_DIR_PATH}/Podfile.lock",
				"${PODS_ROOT}/Manifest.lock",
			);
			name = "[CP] Check Pods Manifest.lock";
			outputPaths = (
				"$(DERIVED_FILE_DIR)/Pods-Todo List-checkManifestLockResult.txt",
			);
			runOnlyForDeploymentPostprocessing = 0;
			shellPath = /bin/sh;
			shellScript = "diff \"${PODS_PODFILE_DIR_PATH}/Podfile.lock\" \"${PODS_ROOT}/Manifest.lock\" > /dev/null\nif [ $? != 0 ] ; then\n    # print error to STDERR\n    echo \"error: The sandbox is not in sync with the Podfile.lock. Run 'pod install' or update your CocoaPods installation.\" >&2\n    exit 1\nfi\n# This output is used by Xcode 'outputs' to avoid re-running this script phase.\necho \"SUCCESS\" > \"${SCRIPT_OUTPUT_FILE_0}\"\n";
			showEnvVarsInLog = 0;
		};
		8CD32BC4D32BA8FD25C91D1F /* [CP] Embed Pods Frameworks */ = {
			isa = PBXShellScriptBuildPhase;
			buildActionMask = 2147483647;
			files = (
			);
			inputPaths = (
				"${SRCROOT}/Pods/Target Support Files/Pods-Todo List/Pods-Todo List-frameworks.sh",
				"${BUILT_PRODUCTS_DIR}/ChameleonFramework/ChameleonFramework.framework",
				"${BUILT_PRODUCTS_DIR}/Realm/Realm.framework",
				"${BUILT_PRODUCTS_DIR}/RealmSwift/RealmSwift.framework",
				"${BUILT_PRODUCTS_DIR}/SwipeCellKit/SwipeCellKit.framework",
			);
			name = "[CP] Embed Pods Frameworks";
			outputPaths = (
				"${TARGET_BUILD_DIR}/${FRAMEWORKS_FOLDER_PATH}/ChameleonFramework.framework",
				"${TARGET_BUILD_DIR}/${FRAMEWORKS_FOLDER_PATH}/Realm.framework",
				"${TARGET_BUILD_DIR}/${FRAMEWORKS_FOLDER_PATH}/RealmSwift.framework",
				"${TARGET_BUILD_DIR}/${FRAMEWORKS_FOLDER_PATH}/SwipeCellKit.framework",
			);
			runOnlyForDeploymentPostprocessing = 0;
			shellPath = /bin/sh;
			shellScript = "\"${SRCROOT}/Pods/Target Support Files/Pods-Todo List/Pods-Todo List-frameworks.sh\"\n";
			showEnvVarsInLog = 0;
		};
/* End PBXShellScriptBuildPhase section */

/* Begin PBXSourcesBuildPhase section */
		D9DCB77E20A2E1B400A10035 /* Sources */ = {
			isa = PBXSourcesBuildPhase;
			buildActionMask = 2147483647;
			files = (
				D97DB76620A9FA3400415044 /* Item.swift in Sources */,
				D9BE570D20A9733700ECCBFB /* CategoryViewController.swift in Sources */,
				D97DB76420A9EEFB00415044 /* Category.swift in Sources */,
				D9DCB78820A2E1B400A10035 /* ToDoListViewController.swift in Sources */,
				D908C4D520ACF2A600312C8F /* SwipeTableViewController.swift in Sources */,
				D9DCB78620A2E1B400A10035 /* AppDelegate.swift in Sources */,
			);
			runOnlyForDeploymentPostprocessing = 0;
		};
/* End PBXSourcesBuildPhase section */

/* Begin PBXVariantGroup section */
		D9DCB78920A2E1B400A10035 /* Main.storyboard */ = {
			isa = PBXVariantGroup;
			children = (
				D9DCB78A20A2E1B400A10035 /* Base */,
			);
			name = Main.storyboard;
			sourceTree = "<group>";
		};
		D9DCB78E20A2E1B700A10035 /* LaunchScreen.storyboard */ = {
			isa = PBXVariantGroup;
			children = (
				D9DCB78F20A2E1B700A10035 /* Base */,
			);
			name = LaunchScreen.storyboard;
			sourceTree = "<group>";
		};
/* End PBXVariantGroup section */

/* Begin XCBuildConfiguration section */
		D9DCB79220A2E1B700A10035 /* Debug */ = {
			isa = XCBuildConfiguration;
			buildSettings = {
				ALWAYS_SEARCH_USER_PATHS = NO;
				CLANG_ANALYZER_NONNULL = YES;
				CLANG_ANALYZER_NUMBER_OBJECT_CONVERSION = YES_AGGRESSIVE;
				CLANG_CXX_LANGUAGE_STANDARD = "gnu++14";
				CLANG_CXX_LIBRARY = "libc++";
				CLANG_ENABLE_MODULES = YES;
				CLANG_ENABLE_OBJC_ARC = YES;
				CLANG_ENABLE_OBJC_WEAK = YES;
				CLANG_WARN_BLOCK_CAPTURE_AUTORELEASING = YES;
				CLANG_WARN_BOOL_CONVERSION = YES;
				CLANG_WARN_COMMA = YES;
				CLANG_WARN_CONSTANT_CONVERSION = YES;
				CLANG_WARN_DEPRECATED_OBJC_IMPLEMENTATIONS = YES;
				CLANG_WARN_DIRECT_OBJC_ISA_USAGE = YES_ERROR;
				CLANG_WARN_DOCUMENTATION_COMMENTS = YES;
				CLANG_WARN_EMPTY_BODY = YES;
				CLANG_WARN_ENUM_CONVERSION = YES;
				CLANG_WARN_INFINITE_RECURSION = YES;
				CLANG_WARN_INT_CONVERSION = YES;
				CLANG_WARN_NON_LITERAL_NULL_CONVERSION = YES;
				CLANG_WARN_OBJC_IMPLICIT_RETAIN_SELF = YES;
				CLANG_WARN_OBJC_LITERAL_CONVERSION = YES;
				CLANG_WARN_OBJC_ROOT_CLASS = YES_ERROR;
				CLANG_WARN_RANGE_LOOP_ANALYSIS = YES;
				CLANG_WARN_STRICT_PROTOTYPES = YES;
				CLANG_WARN_SUSPICIOUS_MOVE = YES;
				CLANG_WARN_UNGUARDED_AVAILABILITY = YES_AGGRESSIVE;
				CLANG_WARN_UNREACHABLE_CODE = YES;
				CLANG_WARN__DUPLICATE_METHOD_MATCH = YES;
				CODE_SIGN_IDENTITY = "iPhone Developer";
				COPY_PHASE_STRIP = NO;
				DEBUG_INFORMATION_FORMAT = dwarf;
				ENABLE_STRICT_OBJC_MSGSEND = YES;
				ENABLE_TESTABILITY = YES;
				GCC_C_LANGUAGE_STANDARD = gnu11;
				GCC_DYNAMIC_NO_PIC = NO;
				GCC_NO_COMMON_BLOCKS = YES;
				GCC_OPTIMIZATION_LEVEL = 0;
				GCC_PREPROCESSOR_DEFINITIONS = (
					"DEBUG=1",
					"$(inherited)",
				);
				GCC_WARN_64_TO_32_BIT_CONVERSION = YES;
				GCC_WARN_ABOUT_RETURN_TYPE = YES_ERROR;
				GCC_WARN_UNDECLARED_SELECTOR = YES;
				GCC_WARN_UNINITIALIZED_AUTOS = YES_AGGRESSIVE;
				GCC_WARN_UNUSED_FUNCTION = YES;
				GCC_WARN_UNUSED_VARIABLE = YES;
				IPHONEOS_DEPLOYMENT_TARGET = 11.3;
				MTL_ENABLE_DEBUG_INFO = YES;
				ONLY_ACTIVE_ARCH = YES;
				SDKROOT = iphoneos;
				SWIFT_ACTIVE_COMPILATION_CONDITIONS = DEBUG;
				SWIFT_OPTIMIZATION_LEVEL = "-Onone";
			};
			name = Debug;
		};
		D9DCB79320A2E1B700A10035 /* Release */ = {
			isa = XCBuildConfiguration;
			buildSettings = {
				ALWAYS_SEARCH_USER_PATHS = NO;
				CLANG_ANALYZER_NONNULL = YES;
				CLANG_ANALYZER_NUMBER_OBJECT_CONVERSION = YES_AGGRESSIVE;
				CLANG_CXX_LANGUAGE_STANDARD = "gnu++14";
				CLANG_CXX_LIBRARY = "libc++";
				CLANG_ENABLE_MODULES = YES;
				CLANG_ENABLE_OBJC_ARC = YES;
				CLANG_ENABLE_OBJC_WEAK = YES;
				CLANG_WARN_BLOCK_CAPTURE_AUTORELEASING = YES;
				CLANG_WARN_BOOL_CONVERSION = YES;
				CLANG_WARN_COMMA = YES;
				CLANG_WARN_CONSTANT_CONVERSION = YES;
				CLANG_WARN_DEPRECATED_OBJC_IMPLEMENTATIONS = YES;
				CLANG_WARN_DIRECT_OBJC_ISA_USAGE = YES_ERROR;
				CLANG_WARN_DOCUMENTATION_COMMENTS = YES;
				CLANG_WARN_EMPTY_BODY = YES;
				CLANG_WARN_ENUM_CONVERSION = YES;
				CLANG_WARN_INFINITE_RECURSION = YES;
				CLANG_WARN_INT_CONVERSION = YES;
				CLANG_WARN_NON_LITERAL_NULL_CONVERSION = YES;
				CLANG_WARN_OBJC_IMPLICIT_RETAIN_SELF = YES;
				CLANG_WARN_OBJC_LITERAL_CONVERSION = YES;
				CLANG_WARN_OBJC_ROOT_CLASS = YES_ERROR;
				CLANG_WARN_RANGE_LOOP_ANALYSIS = YES;
				CLANG_WARN_STRICT_PROTOTYPES = YES;
				CLANG_WARN_SUSPICIOUS_MOVE = YES;
				CLANG_WARN_UNGUARDED_AVAILABILITY = YES_AGGRESSIVE;
				CLANG_WARN_UNREACHABLE_CODE = YES;
				CLANG_WARN__DUPLICATE_METHOD_MATCH = YES;
				CODE_SIGN_IDENTITY = "iPhone Developer";
				COPY_PHASE_STRIP = NO;
				DEBUG_INFORMATION_FORMAT = "dwarf-with-dsym";
				ENABLE_NS_ASSERTIONS = NO;
				ENABLE_STRICT_OBJC_MSGSEND = YES;
				GCC_C_LANGUAGE_STANDARD = gnu11;
				GCC_NO_COMMON_BLOCKS = YES;
				GCC_WARN_64_TO_32_BIT_CONVERSION = YES;
				GCC_WARN_ABOUT_RETURN_TYPE = YES_ERROR;
				GCC_WARN_UNDECLARED_SELECTOR = YES;
				GCC_WARN_UNINITIALIZED_AUTOS = YES_AGGRESSIVE;
				GCC_WARN_UNUSED_FUNCTION = YES;
				GCC_WARN_UNUSED_VARIABLE = YES;
				IPHONEOS_DEPLOYMENT_TARGET = 11.3;
				MTL_ENABLE_DEBUG_INFO = NO;
				SDKROOT = iphoneos;
				SWIFT_COMPILATION_MODE = wholemodule;
				SWIFT_OPTIMIZATION_LEVEL = "-O";
				VALIDATE_PRODUCT = YES;
			};
			name = Release;
		};
		D9DCB79520A2E1B700A10035 /* Debug */ = {
			isa = XCBuildConfiguration;
			baseConfigurationReference = 5F3ECC579A67BE22592AAF4E /* Pods-Todo List.debug.xcconfig */;
			buildSettings = {
				ASSETCATALOG_COMPILER_APPICON_NAME = AppIcon;
				CODE_SIGN_STYLE = Automatic;
				DEVELOPMENT_TEAM = DD2TA748MR;
				INFOPLIST_FILE = "Todo List/Info.plist";
				LD_RUNPATH_SEARCH_PATHS = "$(inherited) @executable_path/Frameworks";
				PRODUCT_BUNDLE_IDENTIFIER = "id.co.wmotion.Todo-List";
				PRODUCT_NAME = "$(TARGET_NAME)";
				SWIFT_VERSION = 4.0;
				TARGETED_DEVICE_FAMILY = "1,2";
			};
			name = Debug;
		};
		D9DCB79620A2E1B700A10035 /* Release */ = {
			isa = XCBuildConfiguration;
			baseConfigurationReference = C4DB554B774B1E369B525106 /* Pods-Todo List.release.xcconfig */;
			buildSettings = {
				ASSETCATALOG_COMPILER_APPICON_NAME = AppIcon;
				CODE_SIGN_STYLE = Automatic;
				DEVELOPMENT_TEAM = DD2TA748MR;
				INFOPLIST_FILE = "Todo List/Info.plist";
				LD_RUNPATH_SEARCH_PATHS = "$(inherited) @executable_path/Frameworks";
				PRODUCT_BUNDLE_IDENTIFIER = "id.co.wmotion.Todo-List";
				PRODUCT_NAME = "$(TARGET_NAME)";
				SWIFT_VERSION = 4.0;
				TARGETED_DEVICE_FAMILY = "1,2";
			};
			name = Release;
		};
/* End XCBuildConfiguration section */

/* Begin XCConfigurationList section */
		D9DCB77D20A2E1B400A10035 /* Build configuration list for PBXProject "Todo List" */ = {
			isa = XCConfigurationList;
			buildConfigurations = (
				D9DCB79220A2E1B700A10035 /* Debug */,
				D9DCB79320A2E1B700A10035 /* Release */,
			);
			defaultConfigurationIsVisible = 0;
			defaultConfigurationName = Release;
		};
		D9DCB79420A2E1B700A10035 /* Build configuration list for PBXNativeTarget "Todo List" */ = {
			isa = XCConfigurationList;
			buildConfigurations = (
				D9DCB79520A2E1B700A10035 /* Debug */,
				D9DCB79620A2E1B700A10035 /* Release */,
			);
			defaultConfigurationIsVisible = 0;
			defaultConfigurationName = Release;
		};
/* End XCConfigurationList section */
	};
	rootObject = D9DCB77A20A2E1B400A10035 /* Project object */;
}
